{
  "name": "gb_node",
  "version": "1.0.0",
  "lockfileVersion": 1,
  "requires": true,
  "dependencies": {
    "cards": {
      "version": "0.1.1",
      "resolved": "https://registry.npmjs.org/cards/-/cards-0.1.1.tgz",
      "integrity": "sha1-zksSu9NrCegOU5+56PSBywv9TbE=",
      "requires": {
        "rand-utils": "1.0.0"
      }
    },
    "rand-utils": {
      "version": "1.0.0",
      "resolved": "https://registry.npmjs.org/rand-utils/-/rand-utils-1.0.0.tgz",
      "integrity": "sha1-PTu5IBVmzpFFDNN0oAgOee1oMyg="
    },
    "readline-sync": {
      "version": "1.4.7",
      "resolved": "https://registry.npmjs.org/readline-sync/-/readline-sync-1.4.7.tgz",
      "integrity": "sha1-ABv91MBhEMPAhMY798alYCIhPzA="
    }
  }
}
